// !$*UTF8*$!
{
	archiveVersion = 1;
	classes = {
	};
	objectVersion = 77;
	objects = {

/* Begin PBXBuildFile section */
		AA000001AAAA000000000001 /* MacPulseShared in Frameworks */ = {isa = PBXBuildFile; productRef = AA000002AAAA000000000001 /* MacPulseShared */; };
		AA000003AAAA000000000001 /* MacPulseShared in Frameworks */ = {isa = PBXBuildFile; productRef = AA000004AAAA000000000001 /* MacPulseShared */; };
		AA000005AAAA000000000001 /* WidgetKit.framework in Frameworks */ = {isa = PBXBuildFile; fileRef = AA000006AAAA000000000001 /* WidgetKit.framework */; };
		AA000007AAAA000000000001 /* SwiftUI.framework in Frameworks */ = {isa = PBXBuildFile; fileRef = AA000008AAAA000000000001 /* SwiftUI.framework */; };
		AA000020AAAA000000000001 /* MacPulseWidgetsExtension.appex in Embed Foundation Extensions */ = {isa = PBXBuildFile; fileRef = AA000010AAAA000000000001 /* MacPulseWidgetsExtension.appex */; settings = {ATTRIBUTES = (RemoveHeadersOnCopy, ); }; };
/* End PBXBuildFile section */

/* Begin PBXContainerItemProxy section */
		AA000021AAAA000000000001 /* PBXContainerItemProxy */ = {
			isa = PBXContainerItemProxy;
			containerPortal = EA757FBD2FD6C5AD00CD7978 /* Project object */;
			proxyType = 1;
			remoteGlobalIDString = AA00000FAAAA000000000001;
			remoteInfo = MacPulseWidgetsExtension;
		};
		EA757FD82FD6C5AE00CD7978 /* PBXContainerItemProxy */ = {
			isa = PBXContainerItemProxy;
			containerPortal = EA757FBD2FD6C5AD00CD7978 /* Project object */;
			proxyType = 1;
			remoteGlobalIDString = EA757FC42FD6C5AD00CD7978;
			remoteInfo = MacPulse;
		};
		EA757FE22FD6C5AE00CD7978 /* PBXContainerItemProxy */ = {
			isa = PBXContainerItemProxy;
			containerPortal = EA757FBD2FD6C5AD00CD7978 /* Project object */;
			proxyType = 1;
			remoteGlobalIDString = EA757FC42FD6C5AD00CD7978;
			remoteInfo = MacPulse;
		};
/* End PBXContainerItemProxy section */

/* Begin PBXCopyFilesBuildPhase section */
		AA000022AAAA000000000001 /* Embed Foundation Extensions */ = {
			isa = PBXCopyFilesBuildPhase;
			buildActionMask = 2147483647;
			dstPath = "";
			dstSubfolderSpec = 13;
			files = (
				AA000020AAAA000000000001 /* MacPulseWidgetsExtension.appex in Embed Foundation Extensions */,
			);
			name = "Embed Foundation Extensions";
			runOnlyForDeploymentPostprocessing = 0;
		};
/* End PBXCopyFilesBuildPhase section */

/* Begin PBXFileReference section */
		AA000006AAAA000000000001 /* WidgetKit.framework */ = {isa = PBXFileReference; lastKnownFileType = wrapper.framework; name = WidgetKit.framework; path = System/Library/Frameworks/WidgetKit.framework; sourceTree = SDKROOT; };
		AA000008AAAA000000000001 /* SwiftUI.framework */ = {isa = PBXFileReference; lastKnownFileType = wrapper.framework; name = SwiftUI.framework; path = System/Library/Frameworks/SwiftUI.framework; sourceTree = SDKROOT; };
		AA000010AAAA000000000001 /* MacPulseWidgetsExtension.appex */ = {isa = PBXFileReference; explicitFileType = "wrapper.app-extension"; includeInIndex = 0; path = MacPulseWidgetsExtension.appex; sourceTree = BUILT_PRODUCTS_DIR; };
		EA757FC52FD6C5AD00CD7978 /* MacPulse.app */ = {isa = PBXFileReference; explicitFileType = wrapper.application; includeInIndex = 0; path = MacPulse.app; sourceTree = BUILT_PRODUCTS_DIR; };
		EA757FD72FD6C5AE00CD7978 /* MacPulseTests.xctest */ = {isa = PBXFileReference; explicitFileType = wrapper.cfbundle; includeInIndex = 0; path = MacPulseTests.xctest; sourceTree = BUILT_PRODUCTS_DIR; };
		EA757FE12FD6C5AE00CD7978 /* MacPulseUITests.xctest */ = {isa = PBXFileReference; explicitFileType = wrapper.cfbundle; includeInIndex = 0; path = MacPulseUITests.xctest; sourceTree = BUILT_PRODUCTS_DIR; };
/* End PBXFileReference section */

/* Begin PBXFileSystemSynchronizedRootGroup section */
		AA000011AAAA000000000001 /* MacPulseWidgets */ = {
			isa = PBXFileSystemSynchronizedRootGroup;
			path = MacPulseWidgets;
			sourceTree = "<group>";
		};
		EA757FC72FD6C5AD00CD7978 /* MacPulse */ = {
			isa = PBXFileSystemSynchronizedRootGroup;
			path = MacPulse;
			sourceTree = "<group>";
		};
		EA757FDA2FD6C5AE00CD7978 /* MacPulseTests */ = {
			isa = PBXFileSystemSynchronizedRootGroup;
			path = MacPulseTests;
			sourceTree = "<group>";
		};
		EA757FE42FD6C5AE00CD7978 /* MacPulseUITests */ = {
			isa = PBXFileSystemSynchronizedRootGroup;
			path = MacPulseUITests;
			sourceTree = "<group>";
		};
/* End PBXFileSystemSynchronizedRootGroup section */

/* Begin PBXFrameworksBuildPhase section */
		AA000012AAAA000000000001 /* Frameworks */ = {
			isa = PBXFrameworksBuildPhase;
			buildActionMask = 2147483647;
			files = (
				AA000005AAAA000000000001 /* WidgetKit.framework in Frameworks */,
				AA000007AAAA000000000001 /* SwiftUI.framework in Frameworks */,
				AA000003AAAA000000000001 /* MacPulseShared in Frameworks */,
			);
			runOnlyForDeploymentPostprocessing = 0;
		};
		EA757FC22FD6C5AD00CD7978 /* Frameworks */ = {
			isa = PBXFrameworksBuildPhase;
			buildActionMask = 2147483647;
			files = (
				AA000001AAAA000000000001 /* MacPulseShared in Frameworks */,
			);
			runOnlyForDeploymentPostprocessing = 0;
		};
		EA757FD42FD6C5AE00CD7978 /* Frameworks */ = {
			isa = PBXFrameworksBuildPhase;
			buildActionMask = 2147483647;
			files = (
			);
			runOnlyForDeploymentPostprocessing = 0;
		};
		EA757FDE2FD6C5AE00CD7978 /* Frameworks */ = {
			isa = PBXFrameworksBuildPhase;
			buildActionMask = 2147483647;
			files = (
			);
			runOnlyForDeploymentPostprocessing = 0;
		};
/* End PBXFrameworksBuildPhase section */

/* Begin PBXGroup section */
		AA000009AAAA000000000001 /* Frameworks */ = {
			isa = PBXGroup;
			children = (
				AA000006AAAA000000000001 /* WidgetKit.framework */,
				AA000008AAAA000000000001 /* SwiftUI.framework */,
			);
			name = Frameworks;
			sourceTree = "<group>";
		};
		EA757FBC2FD6C5AD00CD7978 = {
			isa = PBXGroup;
			children = (
				EA757FC72FD6C5AD00CD7978 /* MacPulse */,
				AA000011AAAA000000000001 /* MacPulseWidgets */,
				EA757FDA2FD6C5AE00CD7978 /* MacPulseTests */,
				EA757FE42FD6C5AE00CD7978 /* MacPulseUITests */,
				AA000009AAAA000000000001 /* Frameworks */,
				EA757FC62FD6C5AD00CD7978 /* Products */,
			);
			sourceTree = "<group>";
		};
		EA757FC62FD6C5AD00CD7978 /* Products */ = {
			isa = PBXGroup;
			children = (
				EA757FC52FD6C5AD00CD7978 /* MacPulse.app */,
				EA757FD72FD6C5AE00CD7978 /* MacPulseTests.xctest */,
				EA757FE12FD6C5AE00CD7978 /* MacPulseUITests.xctest */,
				AA000010AAAA000000000001 /* MacPulseWidgetsExtension.appex */,
			);
			name = Products;
			sourceTree = "<group>";
		};
/* End PBXGroup section */

/* Begin PBXNativeTarget section */
		AA00000FAAAA000000000001 /* MacPulseWidgetsExtension */ = {
			isa = PBXNativeTarget;
			buildConfigurationList = AA000018AAAA000000000001 /* Build configuration list for PBXNativeTarget "MacPulseWidgetsExtension" */;
			buildPhases = (
				AA000013AAAA000000000001 /* Sources */,
				AA000012AAAA000000000001 /* Frameworks */,
				AA000014AAAA000000000001 /* Resources */,
			);
			buildRules = (
			);
			dependencies = (
			);
			fileSystemSynchronizedGroups = (
				AA000011AAAA000000000001 /* MacPulseWidgets */,
			);
			name = MacPulseWidgetsExtension;
			packageProductDependencies = (
				AA000004AAAA000000000001 /* MacPulseShared */,
			);
			productName = MacPulseWidgetsExtension;
			productReference = AA000010AAAA000000000001 /* MacPulseWidgetsExtension.appex */;
			productType = "com.apple.product-type.app-extension";
		};
		EA757FC42FD6C5AD00CD7978 /* MacPulse */ = {
			isa = PBXNativeTarget;
			buildConfigurationList = EA757FEB2FD6C5AE00CD7978 /* Build configuration list for PBXNativeTarget "MacPulse" */;
			buildPhases = (
				EA757FC12FD6C5AD00CD7978 /* Sources */,
				EA757FC22FD6C5AD00CD7978 /* Frameworks */,
				EA757FC32FD6C5AD00CD7978 /* Resources */,
				AA000022AAAA000000000001 /* Embed Foundation Extensions */,
			);
			buildRules = (
			);
			dependencies = (
				AA000023AAAA000000000001 /* PBXTargetDependency */,
			);
			fileSystemSynchronizedGroups = (
				EA757FC72FD6C5AD00CD7978 /* MacPulse */,
			);
			name = MacPulse;
			packageProductDependencies = (
				AA000002AAAA000000000001 /* MacPulseShared */,
			);
			productName = MacPulse;
			productReference = EA757FC52FD6C5AD00CD7978 /* MacPulse.app */;
			productType = "com.apple.product-type.application";
		};
		EA757FD62FD6C5AE00CD7978 /* MacPulseTests */ = {
			isa = PBXNativeTarget;
			buildConfigurationList = EA757FEE2FD6C5AE00CD7978 /* Build configuration list for PBXNativeTarget "MacPulseTests" */;
			buildPhases = (
				EA757FD32FD6C5AE00CD7978 /* Sources */,
				EA757FD42FD6C5AE00CD7978 /* Frameworks */,
				EA757FD52FD6C5AE00CD7978 /* Resources */,
			);
			buildRules = (
			);
			dependencies = (
				EA757FD92FD6C5AE00CD7978 /* PBXTargetDependency */,
			);
			fileSystemSynchronizedGroups = (
				EA757FDA2FD6C5AE00CD7978 /* MacPulseTests */,
			);
			name = MacPulseTests;
			packageProductDependencies = (
			);
			productName = MacPulseTests;
			productReference = EA757FD72FD6C5AE00CD7978 /* MacPulseTests.xctest */;
			productType = "com.apple.product-type.bundle.unit-test";
		};
		EA757FE02FD6C5AE00CD7978 /* MacPulseUITests */ = {
			isa = PBXNativeTarget;
			buildConfigurationList = EA757FF12FD6C5AE00CD7978 /* Build configuration list for PBXNativeTarget "MacPulseUITests" */;
			buildPhases = (
				EA757FDD2FD6C5AE00CD7978 /* Sources */,
				EA757FDE2FD6C5AE00CD7978 /* Frameworks */,
				EA757FDF2FD6C5AE00CD7978 /* Resources */,
			);
			buildRules = (
			);
			dependencies = (
				EA757FE32FD6C5AE00CD7978 /* PBXTargetDependency */,
			);
			fileSystemSynchronizedGroups = (
				EA757FE42FD6C5AE00CD7978 /* MacPulseUITests */,
			);
			name = MacPulseUITests;
			packageProductDependencies = (
			);
			productName = MacPulseUITests;
			productReference = EA757FE12FD6C5AE00CD7978 /* MacPulseUITests.xctest */;
			productType = "com.apple.product-type.bundle.ui-testing";
		};
/* End PBXNativeTarget section */

/* Begin PBXProject section */
		EA757FBD2FD6C5AD00CD7978 /* Project object */ = {
			isa = PBXProject;
			attributes = {
				BuildIndependentTargetsInParallel = 1;
				LastSwiftUpdateCheck = 2600;
				LastUpgradeCheck = 2600;
				TargetAttributes = {
					AA00000FAAAA000000000001 = {
						CreatedOnToolsVersion = 26.0.1;
					};
					EA757FC42FD6C5AD00CD7978 = {
						CreatedOnToolsVersion = 26.0.1;
					};
					EA757FD62FD6C5AE00CD7978 = {
						CreatedOnToolsVersion = 26.0.1;
						TestTargetID = EA757FC42FD6C5AD00CD7978;
					};
					EA757FE02FD6C5AE00CD7978 = {
						CreatedOnToolsVersion = 26.0.1;
						TestTargetID = EA757FC42FD6C5AD00CD7978;
					};
				};
			};
			buildConfigurationList = EA757FC02FD6C5AD00CD7978 /* Build configuration list for PBXProject "MacPulse" */;
			developmentRegion = en;
			hasScannedForEncodings = 0;
			knownRegions = (
				en,
				"zh-Hans",
				Base,
			);
			mainGroup = EA757FBC2FD6C5AD00CD7978;
			minimizedProjectReferenceProxies = 1;
			packageReferences = (
				AA00000AAAAA000000000001 /* XCLocalSwiftPackageReference "MacPulseShared" */,
			);
			preferredProjectObjectVersion = 77;
			productRefGroup = EA757FC62FD6C5AD00CD7978 /* Products */;
			projectDirPath = "";
			projectRoot = "";
			targets = (
				EA757FC42FD6C5AD00CD7978 /* MacPulse */,
				EA757FD62FD6C5AE00CD7978 /* MacPulseTests */,
				EA757FE02FD6C5AE00CD7978 /* MacPulseUITests */,
				AA00000FAAAA000000000001 /* MacPulseWidgetsExtension */,
			);
		};
/* End PBXProject section */

/* Begin PBXResourcesBuildPhase section */
		AA000014AAAA000000000001 /* Resources */ = {
			isa = PBXResourcesBuildPhase;
			buildActionMask = 2147483647;
			files = (
			);
			runOnlyForDeploymentPostprocessing = 0;
		};
		EA757FC32FD6C5AD00CD7978 /* Resources */ = {
			isa = PBXResourcesBuildPhase;
			buildActionMask = 2147483647;
			files = (
			);
			runOnlyForDeploymentPostprocessing = 0;
		};
		EA757FD52FD6C5AE00CD7978 /* Resources */ = {
			isa = PBXResourcesBuildPhase;
			buildActionMask = 2147483647;
			files = (
			);
			runOnlyForDeploymentPostprocessing = 0;
		};
		EA757FDF2FD6C5AE00CD7978 /* Resources */ = {
			isa = PBXResourcesBuildPhase;
			buildActionMask = 2147483647;
			files = (
			);
			runOnlyForDeploymentPostprocessing = 0;
		};
/* End PBXResourcesBuildPhase section */

/* Begin PBXSourcesBuildPhase section */
		AA000013AAAA000000000001 /* Sources */ = {
			isa = PBXSourcesBuildPhase;
			buildActionMask = 2147483647;
			files = (
			);
			runOnlyForDeploymentPostprocessing = 0;
		};
		EA757FC12FD6C5AD00CD7978 /* Sources */ = {
			isa = PBXSourcesBuildPhase;
			buildActionMask = 2147483647;
			files = (
			);
			runOnlyForDeploymentPostprocessing = 0;
		};
		EA757FD32FD6C5AE00CD7978 /* Sources */ = {
			isa = PBXSourcesBuildPhase;
			buildActionMask = 2147483647;
			files = (
			);
			runOnlyForDeploymentPostprocessing = 0;
		};
		EA757FDD2FD6C5AE00CD7978 /* Sources */ = {
			isa = PBXSourcesBuildPhase;
			buildActionMask = 2147483647;
			files = (
			);
			runOnlyForDeploymentPostprocessing = 0;
		};
/* End PBXSourcesBuildPhase section */

/* Begin PBXTargetDependency section */
		AA000023AAAA000000000001 /* PBXTargetDependency */ = {
			isa = PBXTargetDependency;
			target = AA00000FAAAA000000000001 /* MacPulseWidgetsExtension */;
			targetProxy = AA000021AAAA000000000001 /* PBXContainerItemProxy */;
		};
		EA757FD92FD6C5AE00CD7978 /* PBXTargetDependency */ = {
			isa = PBXTargetDependency;
			target = EA757FC42FD6C5AD00CD7978 /* MacPulse */;
			targetProxy = EA757FD82FD6C5AE00CD7978 /* PBXContainerItemProxy */;
		};
		EA757FE32FD6C5AE00CD7978 /* PBXTargetDependency */ = {
			isa = PBXTargetDependency;
			target = EA757FC42FD6C5AD00CD7978 /* MacPulse */;
			targetProxy = EA757FE22FD6C5AE00CD7978 /* PBXContainerItemProxy */;
		};
/* End PBXTargetDependency section */

/* Begin XCBuildConfiguration section */
		AA000015AAAA000000000001 /* Debug */ = {
			isa = XCBuildConfiguration;
			buildSettings = {
				ASSETCATALOG_COMPILER_GLOBAL_ACCENT_COLOR_NAME = AccentColor;
				ASSETCATALOG_COMPILER_WIDGET_BACKGROUND_COLOR_NAME = WidgetBackground;
				CODE_SIGN_ENTITLEMENTS = MacPulseWidgets/MacPulseWidgets.entitlements;
				CODE_SIGN_STYLE = Automatic;
				CURRENT_PROJECT_VERSION = 2;
				DEVELOPMENT_TEAM = WSFWS47PKT;
				ENABLE_APP_SANDBOX = YES;
				GENERATE_INFOPLIST_FILE = YES;
				INFOPLIST_FILE = "MacPulseWidgets-Info.plist";
				INFOPLIST_KEY_CFBundleDisplayName = MacPulseWidgets;
				INFOPLIST_KEY_NSHumanReadableCopyright = "";
				LD_RUNPATH_SEARCH_PATHS = (
					"$(inherited)",
					"@executable_path/../Frameworks",
					"@executable_path/../../../../Frameworks",
				);
				MARKETING_VERSION = 1.0.1;
				PRODUCT_BUNDLE_IDENTIFIER = starain.MacPulse.MacPulseWidgets;
				PRODUCT_NAME = "$(TARGET_NAME)";
				REGISTER_APP_GROUPS = YES;
				SKIP_INSTALL = YES;
				STRING_CATALOG_GENERATE_SYMBOLS = YES;
				SWIFT_APPROACHABLE_CONCURRENCY = YES;
				SWIFT_DEFAULT_ACTOR_ISOLATION = MainActor;
				SWIFT_EMIT_LOC_STRINGS = YES;
				SWIFT_UPCOMING_FEATURE_MEMBER_IMPORT_VISIBILITY = YES;
				SWIFT_VERSION = 5.0;
			};
			name = Debug;
		};
		AA000016AAAA000000000001 /* Release */ = {
			isa = XCBuildConfiguration;
			buildSettings = {
				ASSETCATALOG_COMPILER_GLOBAL_ACCENT_COLOR_NAME = AccentColor;
				ASSETCATALOG_COMPILER_WIDGET_BACKGROUND_COLOR_NAME = WidgetBackground;
				CODE_SIGN_ENTITLEMENTS = MacPulseWidgets/MacPulseWidgets.entitlements;
				CODE_SIGN_STYLE = Automatic;
				CURRENT_PROJECT_VERSION = 2;
				DEVELOPMENT_TEAM = WSFWS47PKT;
				ENABLE_APP_SANDBOX = YES;
				GENERATE_INFOPLIST_FILE = YES;
				INFOPLIST_FILE = "MacPulseWidgets-Info.plist";
				INFOPLIST_KEY_CFBundleDisplayName = MacPulseWidgets;
				INFOPLIST_KEY_NSHumanReadableCopyright = "";
				LD_RUNPATH_SEARCH_PATHS = (
					"$(inherited)",
					"@executable_path/../Frameworks",
					"@executable_path/../../../../Frameworks",
				);
				MARKETING_VERSION = 1.0.1;
				PRODUCT_BUNDLE_IDENTIFIER = starain.MacPulse.MacPulseWidgets;
				PRODUCT_NAME = "$(TARGET_NAME)";
				REGISTER_APP_GROUPS = YES;
				SKIP_INSTALL = YES;
				STRING_CATALOG_GENERATE_SYMBOLS = YES;
				SWIFT_APPROACHABLE_CONCURRENCY = YES;
				SWIFT_DEFAULT_ACTOR_ISOLATION = MainActor;
				SWIFT_EMIT_LOC_STRINGS = YES;
				SWIFT_UPCOMING_FEATURE_MEMBER_IMPORT_VISIBILITY = YES;
				SWIFT_VERSION = 5.0;
			};
			name = Release;
		};
		EA757FE92FD6C5AE00CD7978 /* Debug */ = {
			isa = XCBuildConfiguration;
			buildSettings = {
				ALWAYS_SEARCH_USER_PATHS = NO;
				ASSETCATALOG_COMPILER_GENERATE_SWIFT_ASSET_SYMBOL_EXTENSIONS = YES;
				CLANG_ANALYZER_NONNULL = YES;
				CLANG_ANALYZER_NUMBER_OBJECT_CONVERSION = YES_AGGRESSIVE;
				CLANG_CXX_LANGUAGE_STANDARD = "gnu++20";
				CLANG_ENABLE_MODULES = YES;
				CLANG_ENABLE_OBJC_ARC = YES;
				CLANG_ENABLE_OBJC_WEAK = YES;
				CLANG_WARN_BLOCK_CAPTURE_AUTORELEASING = YES;
				CLANG_WARN_BOOL_CONVERSION = YES;
				CLANG_WARN_COMMA = YES;
				CLANG_WARN_CONSTANT_CONVERSION = YES;
				CLANG_WARN_DEPRECATED_OBJC_IMPLEMENTATIONS = YES;
				CLANG_WARN_DIRECT_OBJC_ISA_USAGE = YES_ERROR;
				CLANG_WARN_DOCUMENTATION_COMMENTS = YES;
				CLANG_WARN_EMPTY_BODY = YES;
				CLANG_WARN_ENUM_CONVERSION = YES;
				CLANG_WARN_INFINITE_RECURSION = YES;
				CLANG_WARN_INT_CONVERSION = YES;
				CLANG_WARN_NON_LITERAL_NULL_CONVERSION = YES;
				CLANG_WARN_OBJC_IMPLICIT_RETAIN_SELF = YES;
				CLANG_WARN_OBJC_LITERAL_CONVERSION = YES;
				CLANG_WARN_OBJC_ROOT_CLASS = YES_ERROR;
				CLANG_WARN_QUOTED_INCLUDE_IN_FRAMEWORK_HEADER = YES;
				CLANG_WARN_RANGE_LOOP_ANALYSIS = YES;
				CLANG_WARN_STRICT_PROTOTYPES = YES;
				CLANG_WARN_SUSPICIOUS_MOVE = YES;
				CLANG_WARN_UNGUARDED_AVAILABILITY = YES_AGGRESSIVE;
				CLANG_WARN_UNREACHABLE_CODE = YES;
				CLANG_WARN__DUPLICATE_METHOD_MATCH = YES;
				COPY_PHASE_STRIP = NO;
				DEBUG_INFORMATION_FORMAT = dwarf;
				DEVELOPMENT_TEAM = WSFWS47PKT;
				ENABLE_STRICT_OBJC_MSGSEND = YES;
				ENABLE_TESTABILITY = YES;
				ENABLE_USER_SCRIPT_SANDBOXING = YES;
				GCC_C_LANGUAGE_STANDARD = gnu17;
				GCC_DYNAMIC_NO_PIC = NO;
				GCC_NO_COMMON_BLOCKS = YES;
				GCC_OPTIMIZATION_LEVEL = 0;
				GCC_PREPROCESSOR_DEFINITIONS = (
					"DEBUG=1",
					"$(inherited)",
				);
				GCC_WARN_64_TO_32_BIT_CONVERSION = YES;
				GCC_WARN_ABOUT_RETURN_TYPE = YES_ERROR;
				GCC_WARN_UNDECLARED_SELECTOR = YES;
				GCC_WARN_UNINITIALIZED_AUTOS = YES_AGGRESSIVE;
				GCC_WARN_UNUSED_FUNCTION = YES;
				GCC_WARN_UNUSED_VARIABLE = YES;
				LOCALIZATION_PREFERS_STRING_CATALOGS = YES;
				MACOSX_DEPLOYMENT_TARGET = 26.0;
				MTL_ENABLE_DEBUG_INFO = INCLUDE_SOURCE;
				MTL_FAST_MATH = YES;
				ONLY_ACTIVE_ARCH = YES;
				SDKROOT = macosx;
				SWIFT_ACTIVE_COMPILATION_CONDITIONS = "DEBUG $(inherited)";
				SWIFT_OPTIMIZATION_LEVEL = "-Onone";
			};
			name = Debug;
		};
		EA757FEA2FD6C5AE00CD7978 /* Release */ = {
			isa = XCBuildConfiguration;
			buildSettings = {
				ALWAYS_SEARCH_USER_PATHS = NO;
				ASSETCATALOG_COMPILER_GENERATE_SWIFT_ASSET_SYMBOL_EXTENSIONS = YES;
				CLANG_ANALYZER_NONNULL = YES;
				CLANG_ANALYZER_NUMBER_OBJECT_CONVERSION = YES_AGGRESSIVE;
				CLANG_CXX_LANGUAGE_STANDARD = "gnu++20";
				CLANG_ENABLE_MODULES = YES;
				CLANG_ENABLE_OBJC_ARC = YES;
				CLANG_ENABLE_OBJC_WEAK = YES;
				CLANG_WARN_BLOCK_CAPTURE_AUTORELEASING = YES;
				CLANG_WARN_BOOL_CONVERSION = YES;
				CLANG_WARN_COMMA = YES;
				CLANG_WARN_CONSTANT_CONVERSION = YES;
				CLANG_WARN_DEPRECATED_OBJC_IMPLEMENTATIONS = YES;
				CLANG_WARN_DIRECT_OBJC_ISA_USAGE = YES_ERROR;
				CLANG_WARN_DOCUMENTATION_COMMENTS = YES;
				CLANG_WARN_EMPTY_BODY = YES;
				CLANG_WARN_ENUM_CONVERSION = YES;
				CLANG_WARN_INFINITE_RECURSION = YES;
				CLANG_WARN_INT_CONVERSION = YES;
				CLANG_WARN_NON_LITERAL_NULL_CONVERSION = YES;
				CLANG_WARN_OBJC_IMPLICIT_RETAIN_SELF = YES;
				CLANG_WARN_OBJC_LITERAL_CONVERSION = YES;
				CLANG_WARN_OBJC_ROOT_CLASS = YES_ERROR;
				CLANG_WARN_QUOTED_INCLUDE_IN_FRAMEWORK_HEADER = YES;
				CLANG_WARN_RANGE_LOOP_ANALYSIS = YES;
				CLANG_WARN_STRICT_PROTOTYPES = YES;
				CLANG_WARN_SUSPICIOUS_MOVE = YES;
				CLANG_WARN_UNGUARDED_AVAILABILITY = YES_AGGRESSIVE;
				CLANG_WARN_UNREACHABLE_CODE = YES;
				CLANG_WARN__DUPLICATE_METHOD_MATCH = YES;
				COPY_PHASE_STRIP = NO;
				DEBUG_INFORMATION_FORMAT = "dwarf-with-dsym";
				DEVELOPMENT_TEAM = WSFWS47PKT;
				ENABLE_NS_ASSERTIONS = NO;
				ENABLE_STRICT_OBJC_MSGSEND = YES;
				ENABLE_USER_SCRIPT_SANDBOXING = YES;
				GCC_C_LANGUAGE_STANDARD = gnu17;
				GCC_NO_COMMON_BLOCKS = YES;
				GCC_WARN_64_TO_32_BIT_CONVERSION = YES;
				GCC_WARN_ABOUT_RETURN_TYPE = YES_ERROR;
				GCC_WARN_UNDECLARED_SELECTOR = YES;
				GCC_WARN_UNINITIALIZED_AUTOS = YES_AGGRESSIVE;
				GCC_WARN_UNUSED_FUNCTION = YES;
				GCC_WARN_UNUSED_VARIABLE = YES;
				LOCALIZATION_PREFERS_STRING_CATALOGS = YES;
				MACOSX_DEPLOYMENT_TARGET = 26.0;
				MTL_ENABLE_DEBUG_INFO = NO;
				MTL_FAST_MATH = YES;
				SDKROOT = macosx;
				SWIFT_COMPILATION_MODE = wholemodule;
			};
			name = Release;
		};
		EA757FEC2FD6C5AE00CD7978 /* Debug */ = {
			isa = XCBuildConfiguration;
			buildSettings = {
				ASSETCATALOG_COMPILER_APPICON_NAME = AppIcon;
				ASSETCATALOG_COMPILER_GLOBAL_ACCENT_COLOR_NAME = AccentColor;
				CODE_SIGN_ENTITLEMENTS = MacPulse/MacPulse.entitlements;
				CODE_SIGN_STYLE = Automatic;
				COMBINE_HIDPI_IMAGES = YES;
				CURRENT_PROJECT_VERSION = 2;
				DEVELOPMENT_TEAM = WSFWS47PKT;
				ENABLE_APP_SANDBOX = NO;
				ENABLE_HARDENED_RUNTIME = YES;
				ENABLE_PREVIEWS = YES;
				ENABLE_USER_SELECTED_FILES = readonly;
				GENERATE_INFOPLIST_FILE = YES;
				INFOPLIST_KEY_NSHumanReadableCopyright = "";
				INFOPLIST_KEY_NSLocationUsageDescription = "MacPulse uses your location for geolocation display.";
				LD_RUNPATH_SEARCH_PATHS = (
					"$(inherited)",
					"@executable_path/../Frameworks",
				);
				MARKETING_VERSION = 1.0.1;
				OTHER_LDFLAGS = "-lIOReport";
				PRODUCT_BUNDLE_IDENTIFIER = starain.MacPulse;
				PRODUCT_NAME = "$(TARGET_NAME)";
				REGISTER_APP_GROUPS = YES;
				STRING_CATALOG_GENERATE_SYMBOLS = YES;
				SWIFT_APPROACHABLE_CONCURRENCY = YES;
				SWIFT_DEFAULT_ACTOR_ISOLATION = MainActor;
				SWIFT_EMIT_LOC_STRINGS = YES;
				SWIFT_OBJC_BRIDGING_HEADER = "MacPulse/MacPulse-Bridging-Header.h";
				SWIFT_UPCOMING_FEATURE_MEMBER_IMPORT_VISIBILITY = YES;
				SWIFT_VERSION = 5.0;
			};
			name = Debug;
		};
		EA757FED2FD6C5AE00CD7978 /* Release */ = {
			isa = XCBuildConfiguration;
			buildSettings = {
				ASSETCATALOG_COMPILER_APPICON_NAME = AppIcon;
				ASSETCATALOG_COMPILER_GLOBAL_ACCENT_COLOR_NAME = AccentColor;
				CODE_SIGN_ENTITLEMENTS = MacPulse/MacPulse.entitlements;
				CODE_SIGN_STYLE = Automatic;
				COMBINE_HIDPI_IMAGES = YES;
				CURRENT_PROJECT_VERSION = 2;
				DEVELOPMENT_TEAM = WSFWS47PKT;
				ENABLE_APP_SANDBOX = NO;
				ENABLE_HARDENED_RUNTIME = YES;
				ENABLE_PREVIEWS = YES;
				ENABLE_USER_SELECTED_FILES = readonly;
				GENERATE_INFOPLIST_FILE = YES;
				INFOPLIST_KEY_NSHumanReadableCopyright = "";
				INFOPLIST_KEY_NSLocationUsageDescription = "MacPulse uses your location for geolocation display.";
				LD_RUNPATH_SEARCH_PATHS = (
					"$(inherited)",
					"@executable_path/../Frameworks",
				);
				MARKETING_VERSION = 1.0.1;
				OTHER_LDFLAGS = "-lIOReport";
				PRODUCT_BUNDLE_IDENTIFIER = starain.MacPulse;
				PRODUCT_NAME = "$(TARGET_NAME)";
				REGISTER_APP_GROUPS = YES;
				STRING_CATALOG_GENERATE_SYMBOLS = YES;
				SWIFT_APPROACHABLE_CONCURRENCY = YES;
				SWIFT_DEFAULT_ACTOR_ISOLATION = MainActor;
				SWIFT_EMIT_LOC_STRINGS = YES;
				SWIFT_OBJC_BRIDGING_HEADER = "MacPulse/MacPulse-Bridging-Header.h";
				SWIFT_UPCOMING_FEATURE_MEMBER_IMPORT_VISIBILITY = YES;
				SWIFT_VERSION = 5.0;
			};
			name = Release;
		};
		EA757FEF2FD6C5AE00CD7978 /* Debug */ = {
			isa = XCBuildConfiguration;
			buildSettings = {
				BUNDLE_LOADER = "$(TEST_HOST)";
				CODE_SIGN_STYLE = Automatic;
				CURRENT_PROJECT_VERSION = 1;
				DEVELOPMENT_TEAM = WSFWS47PKT;
				GENERATE_INFOPLIST_FILE = YES;
				MACOSX_DEPLOYMENT_TARGET = 26.0;
				MARKETING_VERSION = 1.0.1;
				PRODUCT_BUNDLE_IDENTIFIER = starain.MacPulseTests;
				PRODUCT_NAME = "$(TARGET_NAME)";
				STRING_CATALOG_GENERATE_SYMBOLS = NO;
				SWIFT_APPROACHABLE_CONCURRENCY = YES;
				SWIFT_EMIT_LOC_STRINGS = NO;
				SWIFT_UPCOMING_FEATURE_MEMBER_IMPORT_VISIBILITY = YES;
				SWIFT_VERSION = 5.0;
				TEST_HOST = "$(BUILT_PRODUCTS_DIR)/MacPulse.app/$(BUNDLE_EXECUTABLE_FOLDER_PATH)/MacPulse";
			};
			name = Debug;
		};
		EA757FF02FD6C5AE00CD7978 /* Release */ = {
			isa = XCBuildConfiguration;
			buildSettings = {
				BUNDLE_LOADER = "$(TEST_HOST)";
				CODE_SIGN_STYLE = Automatic;
				CURRENT_PROJECT_VERSION = 1;
				DEVELOPMENT_TEAM = WSFWS47PKT;
				GENERATE_INFOPLIST_FILE = YES;
				MACOSX_DEPLOYMENT_TARGET = 26.0;
				MARKETING_VERSION = 1.0.1;
				PRODUCT_BUNDLE_IDENTIFIER = starain.MacPulseTests;
				PRODUCT_NAME = "$(TARGET_NAME)";
				STRING_CATALOG_GENERATE_SYMBOLS = NO;
				SWIFT_APPROACHABLE_CONCURRENCY = YES;
				SWIFT_EMIT_LOC_STRINGS = NO;
				SWIFT_UPCOMING_FEATURE_MEMBER_IMPORT_VISIBILITY = YES;
				SWIFT_VERSION = 5.0;
				TEST_HOST = "$(BUILT_PRODUCTS_DIR)/MacPulse.app/$(BUNDLE_EXECUTABLE_FOLDER_PATH)/MacPulse";
			};
			name = Release;
		};
		EA757FF22FD6C5AE00CD7978 /* Debug */ = {
			isa = XCBuildConfiguration;
			buildSettings = {
				CODE_SIGN_STYLE = Automatic;
				CURRENT_PROJECT_VERSION = 1;
				DEVELOPMENT_TEAM = WSFWS47PKT;
				GENERATE_INFOPLIST_FILE = YES;
				MARKETING_VERSION = 1.0.1;
				PRODUCT_BUNDLE_IDENTIFIER = starain.MacPulseUITests;
				PRODUCT_NAME = "$(TARGET_NAME)";
				STRING_CATALOG_GENERATE_SYMBOLS = NO;
				SWIFT_APPROACHABLE_CONCURRENCY = YES;
				SWIFT_EMIT_LOC_STRINGS = NO;
				SWIFT_UPCOMING_FEATURE_MEMBER_IMPORT_VISIBILITY = YES;
				SWIFT_VERSION = 5.0;
				TEST_TARGET_NAME = MacPulse;
			};
			name = Debug;
		};
		EA757FF32FD6C5AE00CD7978 /* Release */ = {
			isa = XCBuildConfiguration;
			buildSettings = {
				CODE_SIGN_STYLE = Automatic;
				CURRENT_PROJECT_VERSION = 1;
				DEVELOPMENT_TEAM = WSFWS47PKT;
				GENERATE_INFOPLIST_FILE = YES;
				MARKETING_VERSION = 1.0.1;
				PRODUCT_BUNDLE_IDENTIFIER = starain.MacPulseUITests;
				PRODUCT_NAME = "$(TARGET_NAME)";
				STRING_CATALOG_GENERATE_SYMBOLS = NO;
				SWIFT_APPROACHABLE_CONCURRENCY = YES;
				SWIFT_EMIT_LOC_STRINGS = NO;
				SWIFT_UPCOMING_FEATURE_MEMBER_IMPORT_VISIBILITY = YES;
				SWIFT_VERSION = 5.0;
				TEST_TARGET_NAME = MacPulse;
			};
			name = Release;
		};
/* End XCBuildConfiguration section */

/* Begin XCConfigurationList section */
		AA000018AAAA000000000001 /* Build configuration list for PBXNativeTarget "MacPulseWidgetsExtension" */ = {
			isa = XCConfigurationList;
			buildConfigurations = (
				AA000015AAAA000000000001 /* Debug */,
				AA000016AAAA000000000001 /* Release */,
			);
			defaultConfigurationIsVisible = 0;
			defaultConfigurationName = Release;
		};
		EA757FC02FD6C5AD00CD7978 /* Build configuration list for PBXProject "MacPulse" */ = {
			isa = XCConfigurationList;
			buildConfigurations = (
				EA757FE92FD6C5AE00CD7978 /* Debug */,
				EA757FEA2FD6C5AE00CD7978 /* Release */,
			);
			defaultConfigurationIsVisible = 0;
			defaultConfigurationName = Release;
		};
		EA757FEB2FD6C5AE00CD7978 /* Build configuration list for PBXNativeTarget "MacPulse" */ = {
			isa = XCConfigurationList;
			buildConfigurations = (
				EA757FEC2FD6C5AE00CD7978 /* Debug */,
				EA757FED2FD6C5AE00CD7978 /* Release */,
			);
			defaultConfigurationIsVisible = 0;
			defaultConfigurationName = Release;
		};
		EA757FEE2FD6C5AE00CD7978 /* Build configuration list for PBXNativeTarget "MacPulseTests" */ = {
			isa = XCConfigurationList;
			buildConfigurations = (
				EA757FEF2FD6C5AE00CD7978 /* Debug */,
				EA757FF02FD6C5AE00CD7978 /* Release */,
			);
			defaultConfigurationIsVisible = 0;
			defaultConfigurationName = Release;
		};
		EA757FF12FD6C5AE00CD7978 /* Build configuration list for PBXNativeTarget "MacPulseUITests" */ = {
			isa = XCConfigurationList;
			buildConfigurations = (
				EA757FF22FD6C5AE00CD7978 /* Debug */,
				EA757FF32FD6C5AE00CD7978 /* Release */,
			);
			defaultConfigurationIsVisible = 0;
			defaultConfigurationName = Release;
		};
/* End XCConfigurationList section */

/* Begin XCLocalSwiftPackageReference section */
		AA00000AAAAA000000000001 /* XCLocalSwiftPackageReference "MacPulseShared" */ = {
			isa = XCLocalSwiftPackageReference;
			relativePath = MacPulseShared;
		};
/* End XCLocalSwiftPackageReference section */

/* Begin XCSwiftPackageProductDependency section */
		AA000002AAAA000000000001 /* MacPulseShared */ = {
			isa = XCSwiftPackageProductDependency;
			productName = MacPulseShared;
		};
		AA000004AAAA000000000001 /* MacPulseShared */ = {
			isa = XCSwiftPackageProductDependency;
			productName = MacPulseShared;
		};
/* End XCSwiftPackageProductDependency section */
	};
	rootObject = EA757FBD2FD6C5AD00CD7978 /* Project object */;
}
